{
	"name": "omo-models",
	"version": "1.0.0",
	"lockfileVersion": 1,
	"requires": true,
	"dependencies": {
		"@types/bn.js": {
			"version": "5.1.0",
			"resolved": "https://registry.npmjs.org/@types/bn.js/-/bn.js-5.1.0.tgz",
			"integrity": "sha512-QSSVYj7pYFN49kW77o2s9xTCwZ8F2xLbjLLSEVh8D2F4JUhZtPAGOFLTD+ffqksBx/u4cE/KImFjyhqCjn/LIA==",
			"dev": true,
			"requires": {
				"@types/node": "*"
			}
		},
		"@types/node": {
			"version": "14.14.21",
			"resolved": "https://registry.npmjs.org/@types/node/-/node-14.14.21.tgz",
			"integrity": "sha512-cHYfKsnwllYhjOzuC5q1VpguABBeecUp24yFluHpn/BQaVxB1CuQ1FSRZCzrPxrkIfWISXV2LbeoBthLWg0+0A==",
			"dev": true
		}
	}
}
