{
	"name": "omo-process",
	"version": "1.0.0",
	"lockfileVersion": 1,
	"requires": true,
	"dependencies": {
		"@xstate/fsm": {
			"version": "1.5.2",
			"resolved": "https://registry.npmjs.org/@xstate/fsm/-/fsm-1.5.2.tgz",
			"integrity": "sha512-l2l7ztpLw/0EomJcvl86F8M6cLeMXhSEOtmI89fg34DbDMaatUKfiiAQpZpdcRqWHMjZYPAfC8EqmnHbmIlyEg=="
		},
		"tslib": {
			"version": "2.1.0",
			"resolved": "https://registry.npmjs.org/tslib/-/tslib-2.1.0.tgz",
			"integrity": "sha512-hcVC3wYEziELGGmEEXue7D75zbwIIVUMWAVbHItGPx0ziyXxrOMQx4rQEVEV45Ut/1IotuEvwqPopzIOkDMf0A=="
		},
		"xstate": {
			"version": "4.16.0",
			"resolved": "https://registry.npmjs.org/xstate/-/xstate-4.16.0.tgz",
			"integrity": "sha512-2k/49QYLdzG6Ye1JQWYFuPdU6dnRqHXcuFLxuORiuel04GjApSPct7wp2SOz9RAlNME5EkzclRKw1fHm5yejuA=="
		},
		"xstate-svelte": {
			"version": "1.0.1",
			"resolved": "https://registry.npmjs.org/xstate-svelte/-/xstate-svelte-1.0.1.tgz",
			"integrity": "sha512-vp5NgOBDSa0XBP/EiIZsIlb/Ca5DxcVfUK8f49v+oWKvehOMmwDzvGVcJZBZgFC9F97Ji1eLCo8lvvj2pRqTvw==",
			"requires": {
				"tslib": "^2.0.3"
			}
		}
	}
}
